
Microsoft Visual Studio Solution File, Format Version 12.00
# Visual Studio Version 17
VisualStudioVersion = 17.8.34309.116
MinimumVisualStudioVersion = 10.0.40219.1
Project("{9A19103F-16F7-4668-BE54-9A1E7A4F7556}") = "MarketSphere", "MarketSphere\MarketSphere.csproj", "{FAAC93E1-1996-440E-BD80-5A1091F3EB15}"
EndProject
Project("{2150E333-8FDC-42A3-9474-1A3956D46DE8}") = "Solution Items", "Solution Items", "{B1902EC6-AF8A-4923-B092-8EAF03D4686E}"
	ProjectSection(SolutionItems) = preProject
		readme.md = readme.md
	EndProjectSection
EndProject
Global
	GlobalSection(SolutionConfigurationPlatforms) = preSolution
		Debug|Any CPU = Debug|Any CPU
		Release|Any CPU = Release|Any CPU
	EndGlobalSection
	GlobalSection(ProjectConfigurationPlatforms) = postSolution
		{FAAC93E1-1996-440E-BD80-5A1091F3EB15}.Debug|Any CPU.ActiveCfg = Debug|Any CPU
		{FAAC93E1-1996-440E-BD80-5A1091F3EB15}.Debug|Any CPU.Build.0 = Debug|Any CPU
		{FAAC93E1-1996-440E-BD80-5A1091F3EB15}.Release|Any CPU.ActiveCfg = Release|Any CPU
		{FAAC93E1-1996-440E-BD80-5A1091F3EB15}.Release|Any CPU.Build.0 = Release|Any CPU
	EndGlobalSection
	GlobalSection(SolutionProperties) = preSolution
		HideSolutionNode = FALSE
	EndGlobalSection
	GlobalSection(ExtensibilityGlobals) = postSolution
		SolutionGuid = {BEC8D3AD-EF0A-4793-B7F2-FC3673A1ACDC}
	EndGlobalSection
EndGlobal
